
Microsoft Visual Studio Solution File, Format Version 12.00
# Visual Studio 15
VisualStudioVersion = 15.0.27703.2035
MinimumVisualStudioVersion = 10.0.40219.1
Project("{FAE04EC0-301F-11D3-BF4B-00C04F79EFBC}") = "EstudoXUnit", "EstudoXUnit\EstudoXUnit.csproj", "{8372705D-8BF0-46EA-B87D-18E8A2066B20}"
EndProject
Global
	GlobalSection(SolutionConfigurationPlatforms) = preSolution
		Debug|Any CPU = Debug|Any CPU
		Release|Any CPU = Release|Any CPU
	EndGlobalSection
	GlobalSection(ProjectConfigurationPlatforms) = postSolution
		{8372705D-8BF0-46EA-B87D-18E8A2066B20}.Debug|Any CPU.ActiveCfg = Debug|Any CPU
		{8372705D-8BF0-46EA-B87D-18E8A2066B20}.Debug|Any CPU.Build.0 = Debug|Any CPU
		{8372705D-8BF0-46EA-B87D-18E8A2066B20}.Release|Any CPU.ActiveCfg = Release|Any CPU
		{8372705D-8BF0-46EA-B87D-18E8A2066B20}.Release|Any CPU.Build.0 = Release|Any CPU
	EndGlobalSection
	GlobalSection(SolutionProperties) = preSolution
		HideSolutionNode = FALSE
	EndGlobalSection
	GlobalSection(ExtensibilityGlobals) = postSolution
		SolutionGuid = {69BCDEDA-FFAE-44F1-8230-9D6933F86F82}
	EndGlobalSection
EndGlobal
